
Microsoft Visual Studio Solution File, Format Version 12.00
# Visual Studio Version 16
VisualStudioVersion = 16.0.30523.141
MinimumVisualStudioVersion = 10.0.40219.1
Project("{FAE04EC0-301F-11D3-BF4B-00C04F79EFBC}") = "Baciu_Theodora_Lab2", "Baciu_Theodora_Lab2.csproj", "{44580ACF-839D-4077-AEB1-A7E4A29F6B49}"
EndProject
Global
	GlobalSection(SolutionConfigurationPlatforms) = preSolution
		Debug|Any CPU = Debug|Any CPU
		Release|Any CPU = Release|Any CPU
	EndGlobalSection
	GlobalSection(ProjectConfigurationPlatforms) = postSolution
		{44580ACF-839D-4077-AEB1-A7E4A29F6B49}.Debug|Any CPU.ActiveCfg = Debug|Any CPU
		{44580ACF-839D-4077-AEB1-A7E4A29F6B49}.Debug|Any CPU.Build.0 = Debug|Any CPU
		{44580ACF-839D-4077-AEB1-A7E4A29F6B49}.Release|Any CPU.ActiveCfg = Release|Any CPU
		{44580ACF-839D-4077-AEB1-A7E4A29F6B49}.Release|Any CPU.Build.0 = Release|Any CPU
	EndGlobalSection
	GlobalSection(SolutionProperties) = preSolution
		HideSolutionNode = FALSE
	EndGlobalSection
	GlobalSection(ExtensibilityGlobals) = postSolution
		SolutionGuid = {7CA2C3D3-2B84-4DDB-8AC6-D0959412F899}
	EndGlobalSection
EndGlobal
